
Microsoft Visual Studio Solution File, Format Version 12.00
# Visual Studio Version 17
VisualStudioVersion = 17.3.32922.545
MinimumVisualStudioVersion = 10.0.40219.1
Project("{FAE04EC0-301F-11D3-BF4B-00C04F79EFBC}") = "AlgorithamProblem", "AlgorithamProblem.csproj", "{BDCB206D-56BE-49E9-96FE-2C88C0852656}"
EndProject
Global
	GlobalSection(SolutionConfigurationPlatforms) = preSolution
		Debug|Any CPU = Debug|Any CPU
		Release|Any CPU = Release|Any CPU
	EndGlobalSection
	GlobalSection(ProjectConfigurationPlatforms) = postSolution
		{BDCB206D-56BE-49E9-96FE-2C88C0852656}.Debug|Any CPU.ActiveCfg = Debug|Any CPU
		{BDCB206D-56BE-49E9-96FE-2C88C0852656}.Debug|Any CPU.Build.0 = Debug|Any CPU
		{BDCB206D-56BE-49E9-96FE-2C88C0852656}.Release|Any CPU.ActiveCfg = Release|Any CPU
		{BDCB206D-56BE-49E9-96FE-2C88C0852656}.Release|Any CPU.Build.0 = Release|Any CPU
	EndGlobalSection
	GlobalSection(SolutionProperties) = preSolution
		HideSolutionNode = FALSE
	EndGlobalSection
	GlobalSection(ExtensibilityGlobals) = postSolution
		SolutionGuid = {A4025967-E12C-4DEB-BEDC-9DB82A61BB79}
	EndGlobalSection
EndGlobal
